
Microsoft Visual Studio Solution File, Format Version 12.00
# Visual Studio 15
VisualStudioVersion = 15.0.28307.489
MinimumVisualStudioVersion = 10.0.40219.1
Project("{FAE04EC0-301F-11D3-BF4B-00C04F79EFBC}") = "UACBypass", "UACBypass\UACBypass.csproj", "{458BB189-5DEA-40F1-A6F3-72362136E349}"
EndProject
Global
	GlobalSection(SolutionConfigurationPlatforms) = preSolution
		Debug|Any CPU = Debug|Any CPU
		Release|Any CPU = Release|Any CPU
	EndGlobalSection
	GlobalSection(ProjectConfigurationPlatforms) = postSolution
		{458BB189-5DEA-40F1-A6F3-72362136E349}.Debug|Any CPU.ActiveCfg = Debug|Any CPU
		{458BB189-5DEA-40F1-A6F3-72362136E349}.Debug|Any CPU.Build.0 = Debug|Any CPU
		{458BB189-5DEA-40F1-A6F3-72362136E349}.Release|Any CPU.ActiveCfg = Release|Any CPU
		{458BB189-5DEA-40F1-A6F3-72362136E349}.Release|Any CPU.Build.0 = Release|Any CPU
	EndGlobalSection
	GlobalSection(SolutionProperties) = preSolution
		HideSolutionNode = FALSE
	EndGlobalSection
	GlobalSection(ExtensibilityGlobals) = postSolution
		SolutionGuid = {77F45919-089D-4A52-B051-3475E47F2E13}
	EndGlobalSection
EndGlobal
